
Microsoft Visual Studio Solution File, Format Version 12.00
# Visual Studio Version 16
VisualStudioVersion = 16.0.30621.155
MinimumVisualStudioVersion = 10.0.40219.1
Project("{9A19103F-16F7-4668-BE54-9A1E7A4F7556}") = "TemperatureHubController", "TemperatureHubController\TemperatureHubController.csproj", "{68B4CCF3-2657-40D5-9925-6025DF86713B}"
EndProject
Project("{9A19103F-16F7-4668-BE54-9A1E7A4F7556}") = "TemperatureTelemetryWebApp", "TemperatureTelemetryWebApp\TemperatureTelemetryWebApp.csproj", "{A4E70F34-9716-4BB8-A85A-495AE957F725}"
EndProject
Project("{9A19103F-16F7-4668-BE54-9A1E7A4F7556}") = "DatabaseAccessLayer", "DatabaseAccessLayer\DatabaseAccessLayer.csproj", "{0723D9BB-D16D-479A-83DE-AB0A94634117}"
EndProject
Global
	GlobalSection(SolutionConfigurationPlatforms) = preSolution
		Debug|Any CPU = Debug|Any CPU
		Release|Any CPU = Release|Any CPU
	EndGlobalSection
	GlobalSection(ProjectConfigurationPlatforms) = postSolution
		{68B4CCF3-2657-40D5-9925-6025DF86713B}.Debug|Any CPU.ActiveCfg = Debug|Any CPU
		{68B4CCF3-2657-40D5-9925-6025DF86713B}.Debug|Any CPU.Build.0 = Debug|Any CPU
		{68B4CCF3-2657-40D5-9925-6025DF86713B}.Release|Any CPU.ActiveCfg = Release|Any CPU
		{68B4CCF3-2657-40D5-9925-6025DF86713B}.Release|Any CPU.Build.0 = Release|Any CPU
		{A4E70F34-9716-4BB8-A85A-495AE957F725}.Debug|Any CPU.ActiveCfg = Debug|Any CPU
		{A4E70F34-9716-4BB8-A85A-495AE957F725}.Debug|Any CPU.Build.0 = Debug|Any CPU
		{A4E70F34-9716-4BB8-A85A-495AE957F725}.Release|Any CPU.ActiveCfg = Release|Any CPU
		{A4E70F34-9716-4BB8-A85A-495AE957F725}.Release|Any CPU.Build.0 = Release|Any CPU
		{0723D9BB-D16D-479A-83DE-AB0A94634117}.Debug|Any CPU.ActiveCfg = Debug|Any CPU
		{0723D9BB-D16D-479A-83DE-AB0A94634117}.Debug|Any CPU.Build.0 = Debug|Any CPU
		{0723D9BB-D16D-479A-83DE-AB0A94634117}.Release|Any CPU.ActiveCfg = Release|Any CPU
		{0723D9BB-D16D-479A-83DE-AB0A94634117}.Release|Any CPU.Build.0 = Release|Any CPU
	EndGlobalSection
	GlobalSection(SolutionProperties) = preSolution
		HideSolutionNode = FALSE
	EndGlobalSection
	GlobalSection(ExtensibilityGlobals) = postSolution
		SolutionGuid = {C8BFFC0A-F760-4F16-AC7A-34B3FB0982F6}
	EndGlobalSection
EndGlobal
